
Microsoft Visual Studio Solution File, Format Version 12.00
# Visual Studio 2013
VisualStudioVersion = 12.0.30501.0
MinimumVisualStudioVersion = 10.0.40219.1
Project("{FAE04EC0-301F-11D3-BF4B-00C04F79EFBC}") = "ChannelServer", "ChannelServer\ChannelServer.csproj", "{94B5EB3B-ACF5-44CE-B59B-EC30B5CA1CF5}"
EndProject
Project("{FAE04EC0-301F-11D3-BF4B-00C04F79EFBC}") = "Tool", "Tool\Tool.csproj", "{E20D123A-4A2B-4E09-AADB-D309312E0C23}"
EndProject
Project("{FAE04EC0-301F-11D3-BF4B-00C04F79EFBC}") = "ChannelCom", "ChannelCom\ChannelCom.csproj", "{C79B4F6D-8616-47AD-9DA0-6DACB528A7BD}"
EndProject
Project("{FAE04EC0-301F-11D3-BF4B-00C04F79EFBC}") = "Admin", "Admin\Admin.csproj", "{611CC82E-9E77-4533-890E-36D439ABA23D}"
EndProject
Project("{2150E333-8FDC-42A3-9474-1A3956D46DE8}") = ".nuget", ".nuget", "{B29934E6-E8A0-4A74-B180-44845582FB08}"
	ProjectSection(SolutionItems) = preProject
		.nuget\packages.config = .nuget\packages.config
	EndProjectSection
EndProject
Project("{FAE04EC0-301F-11D3-BF4B-00C04F79EFBC}") = "UnityCommon", "UnityCommon\UnityCommon.csproj", "{E2604649-4A3B-47E1-A9AE-1B1106943824}"
EndProject
Global
	GlobalSection(SolutionConfigurationPlatforms) = preSolution
		Debug|Any CPU = Debug|Any CPU
		Release|Any CPU = Release|Any CPU
	EndGlobalSection
	GlobalSection(ProjectConfigurationPlatforms) = postSolution
		{94B5EB3B-ACF5-44CE-B59B-EC30B5CA1CF5}.Debug|Any CPU.ActiveCfg = Debug|Any CPU
		{94B5EB3B-ACF5-44CE-B59B-EC30B5CA1CF5}.Debug|Any CPU.Build.0 = Debug|Any CPU
		{94B5EB3B-ACF5-44CE-B59B-EC30B5CA1CF5}.Release|Any CPU.ActiveCfg = Release|Any CPU
		{94B5EB3B-ACF5-44CE-B59B-EC30B5CA1CF5}.Release|Any CPU.Build.0 = Release|Any CPU
		{E20D123A-4A2B-4E09-AADB-D309312E0C23}.Debug|Any CPU.ActiveCfg = Debug|Any CPU
		{E20D123A-4A2B-4E09-AADB-D309312E0C23}.Debug|Any CPU.Build.0 = Debug|Any CPU
		{E20D123A-4A2B-4E09-AADB-D309312E0C23}.Release|Any CPU.ActiveCfg = Release|Any CPU
		{E20D123A-4A2B-4E09-AADB-D309312E0C23}.Release|Any CPU.Build.0 = Release|Any CPU
		{C79B4F6D-8616-47AD-9DA0-6DACB528A7BD}.Debug|Any CPU.ActiveCfg = Debug|Any CPU
		{C79B4F6D-8616-47AD-9DA0-6DACB528A7BD}.Debug|Any CPU.Build.0 = Debug|Any CPU
		{C79B4F6D-8616-47AD-9DA0-6DACB528A7BD}.Release|Any CPU.ActiveCfg = Release|Any CPU
		{C79B4F6D-8616-47AD-9DA0-6DACB528A7BD}.Release|Any CPU.Build.0 = Release|Any CPU
		{611CC82E-9E77-4533-890E-36D439ABA23D}.Debug|Any CPU.ActiveCfg = Debug|Any CPU
		{611CC82E-9E77-4533-890E-36D439ABA23D}.Debug|Any CPU.Build.0 = Debug|Any CPU
		{611CC82E-9E77-4533-890E-36D439ABA23D}.Release|Any CPU.ActiveCfg = Release|Any CPU
		{611CC82E-9E77-4533-890E-36D439ABA23D}.Release|Any CPU.Build.0 = Release|Any CPU
		{E2604649-4A3B-47E1-A9AE-1B1106943824}.Debug|Any CPU.ActiveCfg = Debug|Any CPU
		{E2604649-4A3B-47E1-A9AE-1B1106943824}.Debug|Any CPU.Build.0 = Debug|Any CPU
		{E2604649-4A3B-47E1-A9AE-1B1106943824}.Release|Any CPU.ActiveCfg = Release|Any CPU
		{E2604649-4A3B-47E1-A9AE-1B1106943824}.Release|Any CPU.Build.0 = Release|Any CPU
	EndGlobalSection
	GlobalSection(SolutionProperties) = preSolution
		HideSolutionNode = FALSE
	EndGlobalSection
EndGlobal
